
Microsoft Visual Studio Solution File, Format Version 12.00
# Visual Studio Version 16
VisualStudioVersion = 16.0.29806.167
MinimumVisualStudioVersion = 10.0.40219.1
Project("{8BC9CEB8-8B4A-11D0-8D11-00A0C91BC942}") = "Ch3Num17MathTutor", "Ch3Num17MathTutor\Ch3Num17MathTutor.vcxproj", "{664E0A82-D572-4CA3-B63C-4F134B430D96}"
EndProject
Global
	GlobalSection(SolutionConfigurationPlatforms) = preSolution
		Debug|x64 = Debug|x64
		Debug|x86 = Debug|x86
		Release|x64 = Release|x64
		Release|x86 = Release|x86
	EndGlobalSection
	GlobalSection(ProjectConfigurationPlatforms) = postSolution
		{664E0A82-D572-4CA3-B63C-4F134B430D96}.Debug|x64.ActiveCfg = Debug|x64
		{664E0A82-D572-4CA3-B63C-4F134B430D96}.Debug|x64.Build.0 = Debug|x64
		{664E0A82-D572-4CA3-B63C-4F134B430D96}.Debug|x86.ActiveCfg = Debug|Win32
		{664E0A82-D572-4CA3-B63C-4F134B430D96}.Debug|x86.Build.0 = Debug|Win32
		{664E0A82-D572-4CA3-B63C-4F134B430D96}.Release|x64.ActiveCfg = Release|x64
		{664E0A82-D572-4CA3-B63C-4F134B430D96}.Release|x64.Build.0 = Release|x64
		{664E0A82-D572-4CA3-B63C-4F134B430D96}.Release|x86.ActiveCfg = Release|Win32
		{664E0A82-D572-4CA3-B63C-4F134B430D96}.Release|x86.Build.0 = Release|Win32
	EndGlobalSection
	GlobalSection(SolutionProperties) = preSolution
		HideSolutionNode = FALSE
	EndGlobalSection
	GlobalSection(ExtensibilityGlobals) = postSolution
		SolutionGuid = {5D9DDCD0-494C-44A0-9F31-A3586894FEE3}
	EndGlobalSection
EndGlobal
